
Microsoft Visual Studio Solution File, Format Version 12.00
# Visual Studio 2012
Project("{FAE04EC0-301F-11D3-BF4B-00C04F79EFBC}") = "VS-Git-Test", "VS-Git-Test\VS-Git-Test.csproj", "{AF5B9E06-313D-47DF-96A2-FC74B5020234}"
EndProject
Project("{FAE04EC0-301F-11D3-BF4B-00C04F79EFBC}") = "VS-Git-Test.Tests", "VS-Git-Test.Tests\VS-Git-Test.Tests.csproj", "{2981BBF5-14E2-4B28-8130-7D40814DC2E4}"
EndProject
Global
	GlobalSection(SolutionConfigurationPlatforms) = preSolution
		Debug|Any CPU = Debug|Any CPU
		Release|Any CPU = Release|Any CPU
	EndGlobalSection
	GlobalSection(ProjectConfigurationPlatforms) = postSolution
		{AF5B9E06-313D-47DF-96A2-FC74B5020234}.Debug|Any CPU.ActiveCfg = Debug|Any CPU
		{AF5B9E06-313D-47DF-96A2-FC74B5020234}.Debug|Any CPU.Build.0 = Debug|Any CPU
		{AF5B9E06-313D-47DF-96A2-FC74B5020234}.Release|Any CPU.ActiveCfg = Release|Any CPU
		{AF5B9E06-313D-47DF-96A2-FC74B5020234}.Release|Any CPU.Build.0 = Release|Any CPU
		{2981BBF5-14E2-4B28-8130-7D40814DC2E4}.Debug|Any CPU.ActiveCfg = Debug|Any CPU
		{2981BBF5-14E2-4B28-8130-7D40814DC2E4}.Debug|Any CPU.Build.0 = Debug|Any CPU
		{2981BBF5-14E2-4B28-8130-7D40814DC2E4}.Release|Any CPU.ActiveCfg = Release|Any CPU
		{2981BBF5-14E2-4B28-8130-7D40814DC2E4}.Release|Any CPU.Build.0 = Release|Any CPU
	EndGlobalSection
	GlobalSection(SolutionProperties) = preSolution
		HideSolutionNode = FALSE
	EndGlobalSection
EndGlobal
